
Microsoft Visual Studio Solution File, Format Version 12.00
# Visual Studio Version 16
VisualStudioVersion = 16.0.29306.81
MinimumVisualStudioVersion = 10.0.40219.1
Project("{FAE04EC0-301F-11D3-BF4B-00C04F79EFBC}") = "AngularAspDotNetCore", "AngularAspDotNetCore\AngularAspDotNetCore.csproj", "{D72F7D16-5805-4FB5-91E7-0BC7B8BE7A57}"
EndProject
Global
	GlobalSection(SolutionConfigurationPlatforms) = preSolution
		Debug|Any CPU = Debug|Any CPU
		Release|Any CPU = Release|Any CPU
	EndGlobalSection
	GlobalSection(ProjectConfigurationPlatforms) = postSolution
		{D72F7D16-5805-4FB5-91E7-0BC7B8BE7A57}.Debug|Any CPU.ActiveCfg = Debug|Any CPU
		{D72F7D16-5805-4FB5-91E7-0BC7B8BE7A57}.Debug|Any CPU.Build.0 = Debug|Any CPU
		{D72F7D16-5805-4FB5-91E7-0BC7B8BE7A57}.Release|Any CPU.ActiveCfg = Release|Any CPU
		{D72F7D16-5805-4FB5-91E7-0BC7B8BE7A57}.Release|Any CPU.Build.0 = Release|Any CPU
	EndGlobalSection
	GlobalSection(SolutionProperties) = preSolution
		HideSolutionNode = FALSE
	EndGlobalSection
	GlobalSection(ExtensibilityGlobals) = postSolution
		SolutionGuid = {8A76C4A7-99E0-4B9B-9D05-6BB7CDC33E90}
	EndGlobalSection
EndGlobal
